
Microsoft Visual Studio Solution File, Format Version 12.00
# Visual Studio Version 17
VisualStudioVersion = 17.0.31717.71
MinimumVisualStudioVersion = 10.0.40219.1
Project("{9A19103F-16F7-4668-BE54-9A1E7A4F7556}") = "ITC.Application", "ITC.Application\ITC.Application.csproj", "{547778CC-3E94-4777-9DEB-157590F4CF6F}"
EndProject
Project("{9A19103F-16F7-4668-BE54-9A1E7A4F7556}") = "ITC.Domain", "ITC.Domain\ITC.Domain.csproj", "{EAD71D03-FE19-4FA3-8F52-8E572B7368FE}"
EndProject
Project("{9A19103F-16F7-4668-BE54-9A1E7A4F7556}") = "ITC.Domain.Core", "ITC.Domain.Core\ITC.Domain.Core.csproj", "{AC8AE2AB-8E91-471F-B42A-CFBEFDE517B1}"
EndProject
Project("{9A19103F-16F7-4668-BE54-9A1E7A4F7556}") = "ITC.Infra.CrossCutting.Bus", "ITC.Infra.CrossCutting.Bus\ITC.Infra.CrossCutting.Bus.csproj", "{3DD74AA7-0FD8-4AD6-8389-83D3FAC7E930}"
EndProject
Project("{9A19103F-16F7-4668-BE54-9A1E7A4F7556}") = "ITC.Infra.CrossCutting.Identity", "ITC.Infra.CrossCutting.Identity\ITC.Infra.CrossCutting.Identity.csproj", "{4DFEED6F-C200-4A97-AABD-D346AE58BAE9}"
EndProject
Project("{9A19103F-16F7-4668-BE54-9A1E7A4F7556}") = "ITC.Infra.CrossCutting.IoC", "ITC.CrossCutting.IoC\ITC.Infra.CrossCutting.IoC.csproj", "{C662DE6E-C456-40A2-9C88-0F2700FF480B}"
EndProject
Project("{9A19103F-16F7-4668-BE54-9A1E7A4F7556}") = "ITC.Infra.Data", "ITC.Infra.Data\ITC.Infra.Data.csproj", "{B46C6923-7952-48E0-B073-0A75D1DB0022}"
EndProject
Project("{2150E333-8FDC-42A3-9474-1A3956D46DE8}") = "Domain", "Domain", "{F541334E-3A81-4821-9BFB-1CA5596C45B7}"
EndProject
Project("{2150E333-8FDC-42A3-9474-1A3956D46DE8}") = "Application", "Application", "{F3D0307E-DE8A-402B-AB93-626264F364EC}"
EndProject
Project("{2150E333-8FDC-42A3-9474-1A3956D46DE8}") = "Infra", "Infra", "{06E0AC6B-1199-43A8-99ED-DBD4AE0AC9D5}"
EndProject
Project("{2150E333-8FDC-42A3-9474-1A3956D46DE8}") = "Web", "Web", "{9F1F371F-2217-4503-B983-C0DAF5476BA2}"
EndProject
Project("{2150E333-8FDC-42A3-9474-1A3956D46DE8}") = "CrossCutting", "CrossCutting", "{89C56FBB-47E0-4AEC-9460-F7BC119B26E1}"
EndProject
Project("{2150E333-8FDC-42A3-9474-1A3956D46DE8}") = "Data", "Data", "{58647B77-7FD4-4EA1-863F-CA500A85B91D}"
EndProject
Project("{2150E333-8FDC-42A3-9474-1A3956D46DE8}") = "Solution Items", "Solution Items", "{DC54D7EC-87D8-41C4-A1D0-DB05AF1B39E9}"
	ProjectSection(SolutionItems) = preProject
		.editorconfig = .editorconfig
	EndProjectSection
EndProject
Project("{2150E333-8FDC-42A3-9474-1A3956D46DE8}") = "API", "API", "{614E6CFD-AC6C-42F5-83B8-F8E652C6989F}"
EndProject
Project("{9A19103F-16F7-4668-BE54-9A1E7A4F7556}") = "ITC.Service.API", "ITC.Service.API\ITC.Service.API.csproj", "{41EECC56-5C15-41C1-9560-C888A4C54763}"
EndProject
Project("{9A19103F-16F7-4668-BE54-9A1E7A4F7556}") = "RateLimitRequest", "RateLimitRequest\RateLimitRequest.csproj", "{7DBC982B-0912-412A-81F9-E2F9E471E3E9}"
EndProject
Project("{2150E333-8FDC-42A3-9474-1A3956D46DE8}") = "RateLimit", "RateLimit", "{BF024AB1-5EA8-467C-8357-DFB3232E39B6}"
EndProject
Global
	GlobalSection(SolutionConfigurationPlatforms) = preSolution
		Debug|Any CPU = Debug|Any CPU
		Release|Any CPU = Release|Any CPU
	EndGlobalSection
	GlobalSection(ProjectConfigurationPlatforms) = postSolution
		{547778CC-3E94-4777-9DEB-157590F4CF6F}.Debug|Any CPU.ActiveCfg = Debug|Any CPU
		{547778CC-3E94-4777-9DEB-157590F4CF6F}.Debug|Any CPU.Build.0 = Debug|Any CPU
		{547778CC-3E94-4777-9DEB-157590F4CF6F}.Release|Any CPU.ActiveCfg = Release|Any CPU
		{547778CC-3E94-4777-9DEB-157590F4CF6F}.Release|Any CPU.Build.0 = Release|Any CPU
		{EAD71D03-FE19-4FA3-8F52-8E572B7368FE}.Debug|Any CPU.ActiveCfg = Debug|Any CPU
		{EAD71D03-FE19-4FA3-8F52-8E572B7368FE}.Debug|Any CPU.Build.0 = Debug|Any CPU
		{EAD71D03-FE19-4FA3-8F52-8E572B7368FE}.Release|Any CPU.ActiveCfg = Release|Any CPU
		{EAD71D03-FE19-4FA3-8F52-8E572B7368FE}.Release|Any CPU.Build.0 = Release|Any CPU
		{AC8AE2AB-8E91-471F-B42A-CFBEFDE517B1}.Debug|Any CPU.ActiveCfg = Debug|Any CPU
		{AC8AE2AB-8E91-471F-B42A-CFBEFDE517B1}.Debug|Any CPU.Build.0 = Debug|Any CPU
		{AC8AE2AB-8E91-471F-B42A-CFBEFDE517B1}.Release|Any CPU.ActiveCfg = Release|Any CPU
		{AC8AE2AB-8E91-471F-B42A-CFBEFDE517B1}.Release|Any CPU.Build.0 = Release|Any CPU
		{3DD74AA7-0FD8-4AD6-8389-83D3FAC7E930}.Debug|Any CPU.ActiveCfg = Debug|Any CPU
		{3DD74AA7-0FD8-4AD6-8389-83D3FAC7E930}.Debug|Any CPU.Build.0 = Debug|Any CPU
		{3DD74AA7-0FD8-4AD6-8389-83D3FAC7E930}.Release|Any CPU.ActiveCfg = Release|Any CPU
		{3DD74AA7-0FD8-4AD6-8389-83D3FAC7E930}.Release|Any CPU.Build.0 = Release|Any CPU
		{4DFEED6F-C200-4A97-AABD-D346AE58BAE9}.Debug|Any CPU.ActiveCfg = Debug|Any CPU
		{4DFEED6F-C200-4A97-AABD-D346AE58BAE9}.Debug|Any CPU.Build.0 = Debug|Any CPU
		{4DFEED6F-C200-4A97-AABD-D346AE58BAE9}.Release|Any CPU.ActiveCfg = Release|Any CPU
		{4DFEED6F-C200-4A97-AABD-D346AE58BAE9}.Release|Any CPU.Build.0 = Release|Any CPU
		{C662DE6E-C456-40A2-9C88-0F2700FF480B}.Debug|Any CPU.ActiveCfg = Debug|Any CPU
		{C662DE6E-C456-40A2-9C88-0F2700FF480B}.Debug|Any CPU.Build.0 = Debug|Any CPU
		{C662DE6E-C456-40A2-9C88-0F2700FF480B}.Release|Any CPU.ActiveCfg = Release|Any CPU
		{C662DE6E-C456-40A2-9C88-0F2700FF480B}.Release|Any CPU.Build.0 = Release|Any CPU
		{B46C6923-7952-48E0-B073-0A75D1DB0022}.Debug|Any CPU.ActiveCfg = Debug|Any CPU
		{B46C6923-7952-48E0-B073-0A75D1DB0022}.Debug|Any CPU.Build.0 = Debug|Any CPU
		{B46C6923-7952-48E0-B073-0A75D1DB0022}.Release|Any CPU.ActiveCfg = Release|Any CPU
		{B46C6923-7952-48E0-B073-0A75D1DB0022}.Release|Any CPU.Build.0 = Release|Any CPU
		{41EECC56-5C15-41C1-9560-C888A4C54763}.Debug|Any CPU.ActiveCfg = Debug|Any CPU
		{41EECC56-5C15-41C1-9560-C888A4C54763}.Debug|Any CPU.Build.0 = Debug|Any CPU
		{41EECC56-5C15-41C1-9560-C888A4C54763}.Release|Any CPU.ActiveCfg = Release|Any CPU
		{41EECC56-5C15-41C1-9560-C888A4C54763}.Release|Any CPU.Build.0 = Release|Any CPU
		{7DBC982B-0912-412A-81F9-E2F9E471E3E9}.Debug|Any CPU.ActiveCfg = Debug|Any CPU
		{7DBC982B-0912-412A-81F9-E2F9E471E3E9}.Debug|Any CPU.Build.0 = Debug|Any CPU
		{7DBC982B-0912-412A-81F9-E2F9E471E3E9}.Release|Any CPU.ActiveCfg = Release|Any CPU
		{7DBC982B-0912-412A-81F9-E2F9E471E3E9}.Release|Any CPU.Build.0 = Release|Any CPU
	EndGlobalSection
	GlobalSection(SolutionProperties) = preSolution
		HideSolutionNode = FALSE
	EndGlobalSection
	GlobalSection(NestedProjects) = preSolution
		{547778CC-3E94-4777-9DEB-157590F4CF6F} = {F3D0307E-DE8A-402B-AB93-626264F364EC}
		{EAD71D03-FE19-4FA3-8F52-8E572B7368FE} = {F541334E-3A81-4821-9BFB-1CA5596C45B7}
		{AC8AE2AB-8E91-471F-B42A-CFBEFDE517B1} = {F541334E-3A81-4821-9BFB-1CA5596C45B7}
		{3DD74AA7-0FD8-4AD6-8389-83D3FAC7E930} = {89C56FBB-47E0-4AEC-9460-F7BC119B26E1}
		{4DFEED6F-C200-4A97-AABD-D346AE58BAE9} = {89C56FBB-47E0-4AEC-9460-F7BC119B26E1}
		{C662DE6E-C456-40A2-9C88-0F2700FF480B} = {89C56FBB-47E0-4AEC-9460-F7BC119B26E1}
		{B46C6923-7952-48E0-B073-0A75D1DB0022} = {58647B77-7FD4-4EA1-863F-CA500A85B91D}
		{89C56FBB-47E0-4AEC-9460-F7BC119B26E1} = {06E0AC6B-1199-43A8-99ED-DBD4AE0AC9D5}
		{58647B77-7FD4-4EA1-863F-CA500A85B91D} = {06E0AC6B-1199-43A8-99ED-DBD4AE0AC9D5}
		{41EECC56-5C15-41C1-9560-C888A4C54763} = {614E6CFD-AC6C-42F5-83B8-F8E652C6989F}
		{7DBC982B-0912-412A-81F9-E2F9E471E3E9} = {BF024AB1-5EA8-467C-8357-DFB3232E39B6}
	EndGlobalSection
	GlobalSection(ExtensibilityGlobals) = postSolution
		SolutionGuid = {AC3DD81B-06AB-4F27-846F-2C4C5F885F98}
	EndGlobalSection
EndGlobal
